{
  "nodes": {
    "lualine-lsp-progress": {
      "flake": false,
      "locked": {
        "lastModified": 1645625191,
        "narHash": "sha256-xlfjqMXBlcveCPY4FCyIyBj1QHYFifLnDYzQA93OPCM=",
        "owner": "bercly0b",
        "repo": "lualine-lsp-progress",
        "rev": "931e11d2ad4f9a43216e150bd7e8c770a01a5b20",
        "type": "github"
      },
      "original": {
        "owner": "bercly0b",
        "repo": "lualine-lsp-progress",
        "type": "github"
      }
    },
    "nixCats": {
      "locked": {
        "lastModified": 1742479173,
        "narHash": "sha256-gllPoqPdAOwIuAQbJ5PQaKAjYMIp2qWySJEYq2vW4ro=",
        "owner": "BirdeeHub",
        "repo": "nixCats-nvim",
        "rev": "49d84b23d0e324d923a4e0068b1ab1ebadba54ec",
        "type": "github"
      },
      "original": {
        "owner": "BirdeeHub",
        "repo": "nixCats-nvim",
        "type": "github"
      }
    },
    "nixpkgs": {
      "locked": {
        "lastModified": 1742395137,
        "narHash": "sha256-WWNNjCSzQCtATpCFEijm81NNG1xqlLMVbIzXAiZysbs=",
        "owner": "nixos",
        "repo": "nixpkgs",
        "rev": "2a725d40de138714db4872dc7405d86457aa17ad",
        "type": "github"
      },
      "original": {
        "owner": "nixos",
        "ref": "nixpkgs-unstable",
        "repo": "nixpkgs",
        "type": "github"
      }
    },
    "root": {
      "inputs": {
        "lualine-lsp-progress": "lualine-lsp-progress",
        "nixCats": "nixCats",
        "nixpkgs": "nixpkgs"
      }
    }
  },
  "root": "root",
  "version": 7
}
