{
  "nodes": {
    "lualine-lsp-progress": {
      "flake": false,
      "locked": {
        "lastModified": 1645625191,
        "narHash": "sha256-xlfjqMXBlcveCPY4FCyIyBj1QHYFifLnDYzQA93OPCM=",
        "owner": "bercly0b",
        "repo": "lualine-lsp-progress",
        "rev": "931e11d2ad4f9a43216e150bd7e8c770a01a5b20",
        "type": "github"
      },
      "original": {
        "owner": "bercly0b",
        "repo": "lualine-lsp-progress",
        "type": "github"
      }
    },
    "nixCats": {
      "locked": {
        "lastModified": 1748760778,
        "narHash": "sha256-i0xBOGCDtrJ29sIelwbSATUJK4AP6McPMxBA0dthK0o=",
        "owner": "BirdeeHub",
        "repo": "nixCats-nvim",
        "rev": "88cde33af841e2aa1ea0c83c4d9dcfefdde54fb3",
        "type": "github"
      },
      "original": {
        "owner": "BirdeeHub",
        "repo": "nixCats-nvim",
        "type": "github"
      }
    },
    "nixpkgs": {
      "locked": {
        "lastModified": 1748792178,
        "narHash": "sha256-BHmgfHlCJVNisJShVaEmfDIr/Ip58i/4oFGlD1iK6lk=",
        "owner": "nixos",
        "repo": "nixpkgs",
        "rev": "5929de975bcf4c7c8d8b5ca65c8cd9ef9e44523e",
        "type": "github"
      },
      "original": {
        "owner": "nixos",
        "ref": "nixpkgs-unstable",
        "repo": "nixpkgs",
        "type": "github"
      }
    },
    "root": {
      "inputs": {
        "lualine-lsp-progress": "lualine-lsp-progress",
        "nixCats": "nixCats",
        "nixpkgs": "nixpkgs"
      }
    }
  },
  "root": "root",
  "version": 7
}
