{
  "nodes": {
    "lualine-lsp-progress": {
      "flake": false,
      "locked": {
        "lastModified": 1645625191,
        "narHash": "sha256-xlfjqMXBlcveCPY4FCyIyBj1QHYFifLnDYzQA93OPCM=",
        "owner": "bercly0b",
        "repo": "lualine-lsp-progress",
        "rev": "931e11d2ad4f9a43216e150bd7e8c770a01a5b20",
        "type": "github"
      },
      "original": {
        "owner": "bercly0b",
        "repo": "lualine-lsp-progress",
        "type": "github"
      }
    },
    "nixCats": {
      "locked": {
        "lastModified": 1749615682,
        "narHash": "sha256-3T2Yl+xSnx7snXZkMaQNHCvlj0CB+lyAj+Q/+eeh+Ns=",
        "owner": "BirdeeHub",
        "repo": "nixCats-nvim",
        "rev": "c0148957e961100bff3fd213b8a4bc5f669f3028",
        "type": "github"
      },
      "original": {
        "owner": "BirdeeHub",
        "repo": "nixCats-nvim",
        "type": "github"
      }
    },
    "nixpkgs": {
      "locked": {
        "lastModified": 1750215678,
        "narHash": "sha256-Rc/ytpamXRf6z8UA2SGa4aaWxUXRbX2MAWIu2C8M+ok=",
        "owner": "nixos",
        "repo": "nixpkgs",
        "rev": "5395fb3ab3f97b9b7abca147249fa2e8ed27b192",
        "type": "github"
      },
      "original": {
        "owner": "nixos",
        "ref": "nixpkgs-unstable",
        "repo": "nixpkgs",
        "type": "github"
      }
    },
    "root": {
      "inputs": {
        "lualine-lsp-progress": "lualine-lsp-progress",
        "nixCats": "nixCats",
        "nixpkgs": "nixpkgs"
      }
    }
  },
  "root": "root",
  "version": 7
}
